
Microsoft Visual Studio Solution File, Format Version 11.00
# Visual Studio 2010
Project("{8BC9CEB8-8B4A-11D0-8D11-00A0C91BC942}") = "TagMan_exe", "TagMan_exe.vcxproj", "{629AC501-9601-4380-986D-367E81A7325E}"
EndProject
Global
	GlobalSection(SolutionConfigurationPlatforms) = preSolution
		Debug|Win32 = Debug|Win32
		Release|Win32 = Release|Win32
	EndGlobalSection
	GlobalSection(ProjectConfigurationPlatforms) = postSolution
		{629AC501-9601-4380-986D-367E81A7325E}.Debug|Win32.ActiveCfg = Debug|Win32
		{629AC501-9601-4380-986D-367E81A7325E}.Debug|Win32.Build.0 = Debug|Win32
		{629AC501-9601-4380-986D-367E81A7325E}.Release|Win32.ActiveCfg = Release|Win32
		{629AC501-9601-4380-986D-367E81A7325E}.Release|Win32.Build.0 = Release|Win32
	EndGlobalSection
	GlobalSection(SolutionProperties) = preSolution
		HideSolutionNode = FALSE
	EndGlobalSection
EndGlobal
