<?xml version="1.0" encoding="utf-8"?>
<Project ToolsVersion="4.0" xmlns="http://schemas.microsoft.com/developer/msbuild/2003">
  <ItemGroup>
    <Filter Include="Source Files">
      <UniqueIdentifier>
      </UniqueIdentifier>
      <Extensions>cpp;c;cc;cxx;def;odl;idl;hpj;bat;asm;asmx</Extensions>
    </Filter>
    <Filter Include="Header Files">
      <UniqueIdentifier>
      </UniqueIdentifier>
      <Extensions>h;hpp;hxx;hm;inl;inc;xsd</Extensions>
    </Filter>
  </ItemGroup>
  <ItemGroup>
    <ClCompile Include="src\ComponentImpl.cpp">
      <Filter>Source Files</Filter>
    </ClCompile>
    <ClCompile Include="src\tess\tesseractapi.cpp">
      <Filter>Source Files</Filter>
    </ClCompile>
    <ClCompile Include="src\wsOCRImpl.cpp">
      <Filter>Source Files</Filter>
    </ClCompile>
    <ClCompile Include="src\wsOCRWrapper.cpp">
      <Filter>Source Files</Filter>
    </ClCompile>
    <ClCompile Include="src\MyBarcode.cpp">
      <Filter>Source Files</Filter>
    </ClCompile>
    <ClCompile Include="src\myCORE.cpp">
      <Filter>Source Files</Filter>
    </ClCompile>
    <ClCompile Include="src\MyProc.cpp">
      <Filter>Source Files</Filter>
    </ClCompile>
    <ClCompile Include="src\myRANSAC.cpp">
      <Filter>Source Files</Filter>
    </ClCompile>
    <ClCompile Include="src\TempCodes.cpp">
      <Filter>Source Files</Filter>
    </ClCompile>
    <ClCompile Include="src\myCompare.cpp">
      <Filter>Source Files</Filter>
    </ClCompile>
  </ItemGroup>
  <ItemGroup>
    <ClInclude Include="src\ComponentImpl.h">
      <Filter>Header Files</Filter>
    </ClInclude>
    <ClInclude Include="src\tess\stdafx.h">
      <Filter>Header Files</Filter>
    </ClInclude>
    <ClInclude Include="src\tess\resource.h">
      <Filter>Header Files</Filter>
    </ClInclude>
    <ClInclude Include="src\tess\targetver.h">
      <Filter>Header Files</Filter>
    </ClInclude>
    <ClInclude Include="tesseractapi.h">
      <Filter>Header Files</Filter>
    </ClInclude>
    <ClInclude Include="src\wsOCR.h">
      <Filter>Header Files</Filter>
    </ClInclude>
    <ClInclude Include="src\wsOCRImpl.h">
      <Filter>Header Files</Filter>
    </ClInclude>
    <ClInclude Include="src\wsOCRWrapper.h">
      <Filter>Header Files</Filter>
    </ClInclude>
    <ClInclude Include="src\ImageUtils.h">
      <Filter>Header Files</Filter>
    </ClInclude>
    <ClInclude Include="src\MyBarcode.h">
      <Filter>Header Files</Filter>
    </ClInclude>
    <ClInclude Include="src\myCORE.h">
      <Filter>Header Files</Filter>
    </ClInclude>
    <ClInclude Include="src\MyProc.h">
      <Filter>Header Files</Filter>
    </ClInclude>
    <ClInclude Include="src\myRANSAC.h">
      <Filter>Header Files</Filter>
    </ClInclude>
    <ClInclude Include="src\consts.h">
      <Filter>Header Files</Filter>
    </ClInclude>
    <ClInclude Include="src\myComm.h">
      <Filter>Header Files</Filter>
    </ClInclude>
    <ClInclude Include="src\myCompare.h">
      <Filter>Header Files</Filter>
    </ClInclude>
  </ItemGroup>
</Project>